
Microsoft Visual Studio Solution File, Format Version 12.00
# Visual Studio Version 17
VisualStudioVersion = 17.8.34322.80
MinimumVisualStudioVersion = 10.0.40219.1
Project("{FAE04EC0-301F-11D3-BF4B-00C04F79EFBC}") = "DataAccess", "DataAccess\DataAccess.csproj", "{30A00427-859D-4B6C-B828-6B68F62A58E7}"
EndProject
Project("{FAE04EC0-301F-11D3-BF4B-00C04F79EFBC}") = "Business", "Business\Business.csproj", "{DE494931-B50D-4FD5-A692-2706F629D7D2}"
EndProject
Project("{FAE04EC0-301F-11D3-BF4B-00C04F79EFBC}") = "Core", "Core\Core.csproj", "{ADD7824F-7FE4-4C56-AE79-7BF2EF6938B6}"
EndProject
Project("{FAE04EC0-301F-11D3-BF4B-00C04F79EFBC}") = "Entities", "Entities\Entities.csproj", "{F022A6A3-459C-4B19-A61B-917084EAB56F}"
EndProject
Project("{FAE04EC0-301F-11D3-BF4B-00C04F79EFBC}") = "WebAPI", "WebAPI\WebAPI\WebAPI.csproj", "{B0AED79D-C7A4-4051-AE5D-7694C0550298}"
EndProject
Global
	GlobalSection(SolutionConfigurationPlatforms) = preSolution
		Debug|Any CPU = Debug|Any CPU
		Release|Any CPU = Release|Any CPU
	EndGlobalSection
	GlobalSection(ProjectConfigurationPlatforms) = postSolution
		{30A00427-859D-4B6C-B828-6B68F62A58E7}.Debug|Any CPU.ActiveCfg = Debug|Any CPU
		{30A00427-859D-4B6C-B828-6B68F62A58E7}.Debug|Any CPU.Build.0 = Debug|Any CPU
		{30A00427-859D-4B6C-B828-6B68F62A58E7}.Release|Any CPU.ActiveCfg = Release|Any CPU
		{30A00427-859D-4B6C-B828-6B68F62A58E7}.Release|Any CPU.Build.0 = Release|Any CPU
		{DE494931-B50D-4FD5-A692-2706F629D7D2}.Debug|Any CPU.ActiveCfg = Debug|Any CPU
		{DE494931-B50D-4FD5-A692-2706F629D7D2}.Debug|Any CPU.Build.0 = Debug|Any CPU
		{DE494931-B50D-4FD5-A692-2706F629D7D2}.Release|Any CPU.ActiveCfg = Release|Any CPU
		{DE494931-B50D-4FD5-A692-2706F629D7D2}.Release|Any CPU.Build.0 = Release|Any CPU
		{ADD7824F-7FE4-4C56-AE79-7BF2EF6938B6}.Debug|Any CPU.ActiveCfg = Debug|Any CPU
		{ADD7824F-7FE4-4C56-AE79-7BF2EF6938B6}.Debug|Any CPU.Build.0 = Debug|Any CPU
		{ADD7824F-7FE4-4C56-AE79-7BF2EF6938B6}.Release|Any CPU.ActiveCfg = Release|Any CPU
		{ADD7824F-7FE4-4C56-AE79-7BF2EF6938B6}.Release|Any CPU.Build.0 = Release|Any CPU
		{F022A6A3-459C-4B19-A61B-917084EAB56F}.Debug|Any CPU.ActiveCfg = Debug|Any CPU
		{F022A6A3-459C-4B19-A61B-917084EAB56F}.Debug|Any CPU.Build.0 = Debug|Any CPU
		{F022A6A3-459C-4B19-A61B-917084EAB56F}.Release|Any CPU.ActiveCfg = Release|Any CPU
		{F022A6A3-459C-4B19-A61B-917084EAB56F}.Release|Any CPU.Build.0 = Release|Any CPU
		{B0AED79D-C7A4-4051-AE5D-7694C0550298}.Debug|Any CPU.ActiveCfg = Debug|Any CPU
		{B0AED79D-C7A4-4051-AE5D-7694C0550298}.Debug|Any CPU.Build.0 = Debug|Any CPU
		{B0AED79D-C7A4-4051-AE5D-7694C0550298}.Release|Any CPU.ActiveCfg = Release|Any CPU
		{B0AED79D-C7A4-4051-AE5D-7694C0550298}.Release|Any CPU.Build.0 = Release|Any CPU
	EndGlobalSection
	GlobalSection(SolutionProperties) = preSolution
		HideSolutionNode = FALSE
	EndGlobalSection
	GlobalSection(ExtensibilityGlobals) = postSolution
		SolutionGuid = {441CF6E7-903B-41B8-9956-47F806FD3728}
	EndGlobalSection
EndGlobal
